
Microsoft Visual Studio Solution File, Format Version 12.00
# Visual Studio Version 17
VisualStudioVersion = 17.5.33424.131
MinimumVisualStudioVersion = 10.0.40219.1
Project("{FAE04EC0-301F-11D3-BF4B-00C04F79EFBC}") = "Aud1_MVC", "Aud1_MVC\Aud1_MVC.csproj", "{D0CC0580-CDA5-492D-AD20-471F58A44537}"
EndProject
Global
	GlobalSection(SolutionConfigurationPlatforms) = preSolution
		Debug|Any CPU = Debug|Any CPU
		Release|Any CPU = Release|Any CPU
	EndGlobalSection
	GlobalSection(ProjectConfigurationPlatforms) = postSolution
		{D0CC0580-CDA5-492D-AD20-471F58A44537}.Debug|Any CPU.ActiveCfg = Debug|Any CPU
		{D0CC0580-CDA5-492D-AD20-471F58A44537}.Debug|Any CPU.Build.0 = Debug|Any CPU
		{D0CC0580-CDA5-492D-AD20-471F58A44537}.Release|Any CPU.ActiveCfg = Release|Any CPU
		{D0CC0580-CDA5-492D-AD20-471F58A44537}.Release|Any CPU.Build.0 = Release|Any CPU
	EndGlobalSection
	GlobalSection(SolutionProperties) = preSolution
		HideSolutionNode = FALSE
	EndGlobalSection
	GlobalSection(ExtensibilityGlobals) = postSolution
		SolutionGuid = {6B111F07-6F65-4B6A-8240-0DF2D4A8E664}
	EndGlobalSection
EndGlobal
