
Microsoft Visual Studio Solution File, Format Version 12.00
# Visual Studio Version 17
VisualStudioVersion = 17.5.33424.131
MinimumVisualStudioVersion = 10.0.40219.1
Project("{FAE04EC0-301F-11D3-BF4B-00C04F79EFBC}") = "Doctor_Patient", "Doctor_Patient\Doctor_Patient.csproj", "{14CC6056-AE23-4234-9A4F-6A20C182DFB2}"
EndProject
Global
	GlobalSection(SolutionConfigurationPlatforms) = preSolution
		Debug|Any CPU = Debug|Any CPU
		Release|Any CPU = Release|Any CPU
	EndGlobalSection
	GlobalSection(ProjectConfigurationPlatforms) = postSolution
		{14CC6056-AE23-4234-9A4F-6A20C182DFB2}.Debug|Any CPU.ActiveCfg = Debug|Any CPU
		{14CC6056-AE23-4234-9A4F-6A20C182DFB2}.Debug|Any CPU.Build.0 = Debug|Any CPU
		{14CC6056-AE23-4234-9A4F-6A20C182DFB2}.Release|Any CPU.ActiveCfg = Release|Any CPU
		{14CC6056-AE23-4234-9A4F-6A20C182DFB2}.Release|Any CPU.Build.0 = Release|Any CPU
	EndGlobalSection
	GlobalSection(SolutionProperties) = preSolution
		HideSolutionNode = FALSE
	EndGlobalSection
	GlobalSection(ExtensibilityGlobals) = postSolution
		SolutionGuid = {4D2B35FF-58C3-4F1A-8E3C-2C7B076DF99E}
	EndGlobalSection
EndGlobal
