
Microsoft Visual Studio Solution File, Format Version 12.00
# Visual Studio Version 17
VisualStudioVersion = 17.5.33424.131
MinimumVisualStudioVersion = 10.0.40219.1
Project("{FAE04EC0-301F-11D3-BF4B-00C04F79EFBC}") = "Playtopia", "Playtopia\Playtopia.csproj", "{8A8B358A-767D-4E90-9981-34A2FA29C828}"
EndProject
Global
	GlobalSection(SolutionConfigurationPlatforms) = preSolution
		Debug|Any CPU = Debug|Any CPU
		Release|Any CPU = Release|Any CPU
	EndGlobalSection
	GlobalSection(ProjectConfigurationPlatforms) = postSolution
		{8A8B358A-767D-4E90-9981-34A2FA29C828}.Debug|Any CPU.ActiveCfg = Debug|Any CPU
		{8A8B358A-767D-4E90-9981-34A2FA29C828}.Debug|Any CPU.Build.0 = Debug|Any CPU
		{8A8B358A-767D-4E90-9981-34A2FA29C828}.Release|Any CPU.ActiveCfg = Release|Any CPU
		{8A8B358A-767D-4E90-9981-34A2FA29C828}.Release|Any CPU.Build.0 = Release|Any CPU
	EndGlobalSection
	GlobalSection(SolutionProperties) = preSolution
		HideSolutionNode = FALSE
	EndGlobalSection
	GlobalSection(ExtensibilityGlobals) = postSolution
		SolutionGuid = {B6EC0E81-EBF8-40E9-A3B3-B1CB794EE743}
	EndGlobalSection
EndGlobal
