
Microsoft Visual Studio Solution File, Format Version 12.00
# Visual Studio Version 17
VisualStudioVersion = 17.5.33424.131
MinimumVisualStudioVersion = 10.0.40219.1
Project("{FAE04EC0-301F-11D3-BF4B-00C04F79EFBC}") = "Lab1", "Lab1\Lab1.csproj", "{888D94EE-6968-4B50-884B-DA6EDB622CD2}"
EndProject
Global
	GlobalSection(SolutionConfigurationPlatforms) = preSolution
		Debug|Any CPU = Debug|Any CPU
		Release|Any CPU = Release|Any CPU
	EndGlobalSection
	GlobalSection(ProjectConfigurationPlatforms) = postSolution
		{888D94EE-6968-4B50-884B-DA6EDB622CD2}.Debug|Any CPU.ActiveCfg = Debug|Any CPU
		{888D94EE-6968-4B50-884B-DA6EDB622CD2}.Debug|Any CPU.Build.0 = Debug|Any CPU
		{888D94EE-6968-4B50-884B-DA6EDB622CD2}.Release|Any CPU.ActiveCfg = Release|Any CPU
		{888D94EE-6968-4B50-884B-DA6EDB622CD2}.Release|Any CPU.Build.0 = Release|Any CPU
	EndGlobalSection
	GlobalSection(SolutionProperties) = preSolution
		HideSolutionNode = FALSE
	EndGlobalSection
	GlobalSection(ExtensibilityGlobals) = postSolution
		SolutionGuid = {6F7F109B-3DB2-4FBD-B1DF-640E52729204}
	EndGlobalSection
EndGlobal
