
Microsoft Visual Studio Solution File, Format Version 12.00
# Visual Studio Version 17
VisualStudioVersion = 17.5.33424.131
MinimumVisualStudioVersion = 10.0.40219.1
Project("{FAE04EC0-301F-11D3-BF4B-00C04F79EFBC}") = "Aud4", "Aud4\Aud4.csproj", "{79B16DA0-52B2-481B-855A-884423687554}"
EndProject
Global
	GlobalSection(SolutionConfigurationPlatforms) = preSolution
		Debug|Any CPU = Debug|Any CPU
		Release|Any CPU = Release|Any CPU
	EndGlobalSection
	GlobalSection(ProjectConfigurationPlatforms) = postSolution
		{79B16DA0-52B2-481B-855A-884423687554}.Debug|Any CPU.ActiveCfg = Debug|Any CPU
		{79B16DA0-52B2-481B-855A-884423687554}.Debug|Any CPU.Build.0 = Debug|Any CPU
		{79B16DA0-52B2-481B-855A-884423687554}.Release|Any CPU.ActiveCfg = Release|Any CPU
		{79B16DA0-52B2-481B-855A-884423687554}.Release|Any CPU.Build.0 = Release|Any CPU
	EndGlobalSection
	GlobalSection(SolutionProperties) = preSolution
		HideSolutionNode = FALSE
	EndGlobalSection
	GlobalSection(ExtensibilityGlobals) = postSolution
		SolutionGuid = {0B462299-7DA6-4E52-A6FA-C8840D4F7A02}
	EndGlobalSection
EndGlobal
